// !$*UTF8*$!
{
	archiveVersion = 1;
	classes = {
	};
	objectVersion = 50;
	objects = {

/* Begin PBXBuildFile section */
		0C106B7026D68005004B0CD6 /* DegreeScene.sks in Resources */ = {isa = PBXBuildFile; fileRef = 0C106B6F26D68005004B0CD6 /* DegreeScene.sks */; };
		0C106B7426D680AC004B0CD6 /* DegreeScene.swift in Sources */ = {isa = PBXBuildFile; fileRef = 0C106B7326D680AC004B0CD6 /* DegreeScene.swift */; };
		0C106B7626D7D969004B0CD6 /* SquareProps.swift in Sources */ = {isa = PBXBuildFile; fileRef = 0C106B7526D7D968004B0CD6 /* SquareProps.swift */; };
		0C106B7926DE515A004B0CD6 /* BasementScene.swift in Sources */ = {isa = PBXBuildFile; fileRef = 0C106B7826DE515A004B0CD6 /* BasementScene.swift */; };
		0C106B7B26DE5169004B0CD6 /* BasementScene.sks in Resources */ = {isa = PBXBuildFile; fileRef = 0C106B7A26DE5169004B0CD6 /* BasementScene.sks */; };
		0C3CCE1C26D52C20007A4CEA /* AppDelegate.swift in Sources */ = {isa = PBXBuildFile; fileRef = 0C3CCE1B26D52C20007A4CEA /* AppDelegate.swift */; };
		0C3CCE1E26D52C20007A4CEA /* SceneDelegate.swift in Sources */ = {isa = PBXBuildFile; fileRef = 0C3CCE1D26D52C20007A4CEA /* SceneDelegate.swift */; };
		0C3CCE2026D52C20007A4CEA /* ViewController.swift in Sources */ = {isa = PBXBuildFile; fileRef = 0C3CCE1F26D52C20007A4CEA /* ViewController.swift */; };
		0C3CCE2326D52C20007A4CEA /* Main.storyboard in Resources */ = {isa = PBXBuildFile; fileRef = 0C3CCE2126D52C20007A4CEA /* Main.storyboard */; };
		0C3CCE2526D52C22007A4CEA /* Assets.xcassets in Resources */ = {isa = PBXBuildFile; fileRef = 0C3CCE2426D52C22007A4CEA /* Assets.xcassets */; };
		0C3CCE2826D52C22007A4CEA /* LaunchScreen.storyboard in Resources */ = {isa = PBXBuildFile; fileRef = 0C3CCE2626D52C22007A4CEA /* LaunchScreen.storyboard */; };
		0CF1B29C26DE6EAA002B87F0 /* BlowDetector.swift in Sources */ = {isa = PBXBuildFile; fileRef = 0CF1B29B26DE6EAA002B87F0 /* BlowDetector.swift */; };
		0CF1B29E26DFA903002B87F0 /* BasementSceneCoreHapticsManager.swift in Sources */ = {isa = PBXBuildFile; fileRef = 0CF1B29D26DFA903002B87F0 /* BasementSceneCoreHapticsManager.swift */; };
		0CF1B2A026E100AB002B87F0 /* DegreeSceneCoreHapticsManager.swift in Sources */ = {isa = PBXBuildFile; fileRef = 0CF1B29F26E100AB002B87F0 /* DegreeSceneCoreHapticsManager.swift */; };
		0CF1B2A526E10663002B87F0 /* BlackboardScene.swift in Sources */ = {isa = PBXBuildFile; fileRef = 0CF1B2A426E10663002B87F0 /* BlackboardScene.swift */; };
		0CF1B2A726E10671002B87F0 /* BlackboardScene.sks in Resources */ = {isa = PBXBuildFile; fileRef = 0CF1B2A626E10671002B87F0 /* BlackboardScene.sks */; };
		0CF1B2A926E106DA002B87F0 /* BlackboardSceneCoreHapticsManager.swift in Sources */ = {isa = PBXBuildFile; fileRef = 0CF1B2A826E106DA002B87F0 /* BlackboardSceneCoreHapticsManager.swift */; };
		0CF1B2AC26E110CE002B87F0 /* SKScene+.swift in Sources */ = {isa = PBXBuildFile; fileRef = 0CF1B2AB26E110CE002B87F0 /* SKScene+.swift */; };
		0CF1B2AE26E110DF002B87F0 /* SKView+.swift in Sources */ = {isa = PBXBuildFile; fileRef = 0CF1B2AD26E110DF002B87F0 /* SKView+.swift */; };
		C41653BE26EABC5B00D5F3D6 /* LetterScene.atlas in Resources */ = {isa = PBXBuildFile; fileRef = C41653BD26EABC5B00D5F3D6 /* LetterScene.atlas */; };
		C42204E226DD6C3800293DDE /* PeriodicTableSceneHapticsManager.swift in Sources */ = {isa = PBXBuildFile; fileRef = C42204E126DD6C3800293DDE /* PeriodicTableSceneHapticsManager.swift */; };
		C42204E426DD9E6400293DDE /* PeriodicTableSceneCoreHapticsManager.swift in Sources */ = {isa = PBXBuildFile; fileRef = C42204E326DD9E6400293DDE /* PeriodicTableSceneCoreHapticsManager.swift */; };
		C422051326DDBB0800293DDE /* Inflate.ahap in Resources */ = {isa = PBXBuildFile; fileRef = C422050A26DDBB0800293DDE /* Inflate.ahap */; };
		C422051426DDBB0800293DDE /* Drums.ahap in Resources */ = {isa = PBXBuildFile; fileRef = C422050B26DDBB0800293DDE /* Drums.ahap */; };
		C422051526DDBB0800293DDE /* Drums.wav in Resources */ = {isa = PBXBuildFile; fileRef = C422050C26DDBB0800293DDE /* Drums.wav */; };
		C422051626DDBB0800293DDE /* Boing.ahap in Resources */ = {isa = PBXBuildFile; fileRef = C422050D26DDBB0800293DDE /* Boing.ahap */; };
		C422051726DDBB0800293DDE /* Rumble.ahap in Resources */ = {isa = PBXBuildFile; fileRef = C422050E26DDBB0800293DDE /* Rumble.ahap */; };
		C422051826DDBB0800293DDE /* Oscillate.ahap in Resources */ = {isa = PBXBuildFile; fileRef = C422050F26DDBB0800293DDE /* Oscillate.ahap */; };
		C422051926DDBB0800293DDE /* Sparkle.ahap in Resources */ = {isa = PBXBuildFile; fileRef = C422051026DDBB0800293DDE /* Sparkle.ahap */; };
		C422051A26DDBB0800293DDE /* Gravel.ahap in Resources */ = {isa = PBXBuildFile; fileRef = C422051126DDBB0800293DDE /* Gravel.ahap */; };
		C422051B26DDBB0800293DDE /* Heartbeats.ahap in Resources */ = {isa = PBXBuildFile; fileRef = C422051226DDBB0800293DDE /* Heartbeats.ahap */; };
		C44C607626EFD9F40049F370 /* LaboratorySceneKnob.atlas in Resources */ = {isa = PBXBuildFile; fileRef = C44C607526EFD9F40049F370 /* LaboratorySceneKnob.atlas */; };
		C4626E6C26E7D10D00BFBD12 /* LetterScene.swift in Sources */ = {isa = PBXBuildFile; fileRef = C4626E6B26E7D10D00BFBD12 /* LetterScene.swift */; };
		C4626E6E26E7D12900BFBD12 /* LetterScene.sks in Resources */ = {isa = PBXBuildFile; fileRef = C4626E6D26E7D12900BFBD12 /* LetterScene.sks */; };
		C492D61926EE8A6E00478CB5 /* BasementDoorScene.swift in Sources */ = {isa = PBXBuildFile; fileRef = C492D61826EE8A6E00478CB5 /* BasementDoorScene.swift */; };
		C492D61B26EE8A7A00478CB5 /* BasementDoorScene.sks in Resources */ = {isa = PBXBuildFile; fileRef = C492D61A26EE8A7A00478CB5 /* BasementDoorScene.sks */; };
		C492D61D26EE8B7100478CB5 /* BasementDoorScene.atlas in Resources */ = {isa = PBXBuildFile; fileRef = C492D61C26EE8B7100478CB5 /* BasementDoorScene.atlas */; };
		C492D61F26EE8DF600478CB5 /* BasementDoorSceneHapticsManager.swift in Sources */ = {isa = PBXBuildFile; fileRef = C492D61E26EE8DF600478CB5 /* BasementDoorSceneHapticsManager.swift */; };
		C4A0468826D681AC00697E6F /* PeriodicTableScene.sks in Resources */ = {isa = PBXBuildFile; fileRef = C4A0468726D681AC00697E6F /* PeriodicTableScene.sks */; };
		C4A0468A26D681C600697E6F /* PeriodicTableScene.swift in Sources */ = {isa = PBXBuildFile; fileRef = C4A0468926D681C600697E6F /* PeriodicTableScene.swift */; };
		C4A8AC8C26E1186500CED26E /* MapZoomSceneHapticsManager.swift in Sources */ = {isa = PBXBuildFile; fileRef = C4A8AC8B26E1186500CED26E /* MapZoomSceneHapticsManager.swift */; };
		C4A8AC8F26E16D5900CED26E /* TrophyScene.swift in Sources */ = {isa = PBXBuildFile; fileRef = C4A8AC8E26E16D5900CED26E /* TrophyScene.swift */; };
		C4A8AC9126E16D7800CED26E /* TrophyScene.sks in Resources */ = {isa = PBXBuildFile; fileRef = C4A8AC9026E16D7800CED26E /* TrophyScene.sks */; };
		C4B12D2A26DC58730061F46B /* HapticsManager.swift in Sources */ = {isa = PBXBuildFile; fileRef = C4B12D2926DC58730061F46B /* HapticsManager.swift */; };
		C4B12D2F26DC61D60061F46B /* CoreHapticsManager.swift in Sources */ = {isa = PBXBuildFile; fileRef = C4B12D2E26DC61D60061F46B /* CoreHapticsManager.swift */; };
		C4B4F68426DE52F800BB8E36 /* MapZoomScene.sks in Resources */ = {isa = PBXBuildFile; fileRef = C4B4F68326DE52F800BB8E36 /* MapZoomScene.sks */; };
		C4B4F68626DE530600BB8E36 /* MapZoomScene.swift in Sources */ = {isa = PBXBuildFile; fileRef = C4B4F68526DE530600BB8E36 /* MapZoomScene.swift */; };
		C4B5674626EB8921005F865A /* DynamicTextManager.swift in Sources */ = {isa = PBXBuildFile; fileRef = C4B5674526EB8921005F865A /* DynamicTextManager.swift */; };
		C4C40BE126EE70F900CAEDE0 /* LaboratoryScene.swift in Sources */ = {isa = PBXBuildFile; fileRef = C4C40BE026EE70F900CAEDE0 /* LaboratoryScene.swift */; };
		C4C40BE326EE710200CAEDE0 /* LaboratoryScene.sks in Resources */ = {isa = PBXBuildFile; fileRef = C4C40BE226EE710200CAEDE0 /* LaboratoryScene.sks */; };
		C4C40BE526EE796D00CAEDE0 /* LaboratorySceneHapticsManager.swift in Sources */ = {isa = PBXBuildFile; fileRef = C4C40BE426EE796D00CAEDE0 /* LaboratorySceneHapticsManager.swift */; };
		C4D80BCE26EF7C1200B870AB /* ChemistryInstituteScene.swift in Sources */ = {isa = PBXBuildFile; fileRef = C4D80BCD26EF7C1200B870AB /* ChemistryInstituteScene.swift */; };
		C4D80BD026EF7C1E00B870AB /* ChemistryInstituteScene.sks in Resources */ = {isa = PBXBuildFile; fileRef = C4D80BCF26EF7C1E00B870AB /* ChemistryInstituteScene.sks */; };
		C4D80BD426EF927400B870AB /* ChemistryInstituteScene.atlas in Resources */ = {isa = PBXBuildFile; fileRef = C4D80BD326EF927400B870AB /* ChemistryInstituteScene.atlas */; };
		C4F6F09026EE353700FF382C /* LisePlayingScene.swift in Sources */ = {isa = PBXBuildFile; fileRef = C4F6F08F26EE353700FF382C /* LisePlayingScene.swift */; };
		C4F6F09226EE355000FF382C /* LisePlayingScene.sks in Resources */ = {isa = PBXBuildFile; fileRef = C4F6F09126EE355000FF382C /* LisePlayingScene.sks */; };
		C4F6F09426EE359800FF382C /* LisePlayingScene.atlas in Resources */ = {isa = PBXBuildFile; fileRef = C4F6F09326EE359800FF382C /* LisePlayingScene.atlas */; };
		C4F6F09826EE37B000FF382C /* DadScene.swift in Sources */ = {isa = PBXBuildFile; fileRef = C4F6F09726EE37B000FF382C /* DadScene.swift */; };
		C4F6F09A26EE37BD00FF382C /* DadScene.sks in Resources */ = {isa = PBXBuildFile; fileRef = C4F6F09926EE37BD00FF382C /* DadScene.sks */; };
/* End PBXBuildFile section */

/* Begin PBXFileReference section */
		0C106B6F26D68005004B0CD6 /* DegreeScene.sks */ = {isa = PBXFileReference; lastKnownFileType = file.sks; path = DegreeScene.sks; sourceTree = "<group>"; };
		0C106B7326D680AC004B0CD6 /* DegreeScene.swift */ = {isa = PBXFileReference; lastKnownFileType = sourcecode.swift; path = DegreeScene.swift; sourceTree = "<group>"; };
		0C106B7526D7D968004B0CD6 /* SquareProps.swift */ = {isa = PBXFileReference; lastKnownFileType = sourcecode.swift; path = SquareProps.swift; sourceTree = "<group>"; };
		0C106B7826DE515A004B0CD6 /* BasementScene.swift */ = {isa = PBXFileReference; lastKnownFileType = sourcecode.swift; path = BasementScene.swift; sourceTree = "<group>"; };
		0C106B7A26DE5169004B0CD6 /* BasementScene.sks */ = {isa = PBXFileReference; lastKnownFileType = file.sks; path = BasementScene.sks; sourceTree = "<group>"; };
		0C3CCE1826D52C20007A4CEA /* TimMaia.app */ = {isa = PBXFileReference; explicitFileType = wrapper.application; includeInIndex = 0; path = TimMaia.app; sourceTree = BUILT_PRODUCTS_DIR; };
		0C3CCE1B26D52C20007A4CEA /* AppDelegate.swift */ = {isa = PBXFileReference; lastKnownFileType = sourcecode.swift; path = AppDelegate.swift; sourceTree = "<group>"; };
		0C3CCE1D26D52C20007A4CEA /* SceneDelegate.swift */ = {isa = PBXFileReference; lastKnownFileType = sourcecode.swift; path = SceneDelegate.swift; sourceTree = "<group>"; };
		0C3CCE1F26D52C20007A4CEA /* ViewController.swift */ = {isa = PBXFileReference; lastKnownFileType = sourcecode.swift; path = ViewController.swift; sourceTree = "<group>"; };
		0C3CCE2226D52C20007A4CEA /* Base */ = {isa = PBXFileReference; lastKnownFileType = file.storyboard; name = Base; path = Base.lproj/Main.storyboard; sourceTree = "<group>"; };
		0C3CCE2426D52C22007A4CEA /* Assets.xcassets */ = {isa = PBXFileReference; lastKnownFileType = folder.assetcatalog; path = Assets.xcassets; sourceTree = "<group>"; };
		0C3CCE2726D52C22007A4CEA /* Base */ = {isa = PBXFileReference; lastKnownFileType = file.storyboard; name = Base; path = Base.lproj/LaunchScreen.storyboard; sourceTree = "<group>"; };
		0C3CCE2926D52C22007A4CEA /* Info.plist */ = {isa = PBXFileReference; lastKnownFileType = text.plist.xml; path = Info.plist; sourceTree = "<group>"; };
		0CF1B29B26DE6EAA002B87F0 /* BlowDetector.swift */ = {isa = PBXFileReference; lastKnownFileType = sourcecode.swift; path = BlowDetector.swift; sourceTree = "<group>"; };
		0CF1B29D26DFA903002B87F0 /* BasementSceneCoreHapticsManager.swift */ = {isa = PBXFileReference; lastKnownFileType = sourcecode.swift; path = BasementSceneCoreHapticsManager.swift; sourceTree = "<group>"; };
		0CF1B29F26E100AB002B87F0 /* DegreeSceneCoreHapticsManager.swift */ = {isa = PBXFileReference; lastKnownFileType = sourcecode.swift; path = DegreeSceneCoreHapticsManager.swift; sourceTree = "<group>"; };
		0CF1B2A426E10663002B87F0 /* BlackboardScene.swift */ = {isa = PBXFileReference; lastKnownFileType = sourcecode.swift; path = BlackboardScene.swift; sourceTree = "<group>"; };
		0CF1B2A626E10671002B87F0 /* BlackboardScene.sks */ = {isa = PBXFileReference; lastKnownFileType = file.sks; path = BlackboardScene.sks; sourceTree = "<group>"; };
		0CF1B2A826E106DA002B87F0 /* BlackboardSceneCoreHapticsManager.swift */ = {isa = PBXFileReference; lastKnownFileType = sourcecode.swift; path = BlackboardSceneCoreHapticsManager.swift; sourceTree = "<group>"; };
		0CF1B2AB26E110CE002B87F0 /* SKScene+.swift */ = {isa = PBXFileReference; lastKnownFileType = sourcecode.swift; path = "SKScene+.swift"; sourceTree = "<group>"; };
		0CF1B2AD26E110DF002B87F0 /* SKView+.swift */ = {isa = PBXFileReference; lastKnownFileType = sourcecode.swift; path = "SKView+.swift"; sourceTree = "<group>"; };
		C41653BD26EABC5B00D5F3D6 /* LetterScene.atlas */ = {isa = PBXFileReference; lastKnownFileType = folder.skatlas; path = LetterScene.atlas; sourceTree = "<group>"; };
		C42204E126DD6C3800293DDE /* PeriodicTableSceneHapticsManager.swift */ = {isa = PBXFileReference; lastKnownFileType = sourcecode.swift; path = PeriodicTableSceneHapticsManager.swift; sourceTree = "<group>"; };
		C42204E326DD9E6400293DDE /* PeriodicTableSceneCoreHapticsManager.swift */ = {isa = PBXFileReference; lastKnownFileType = sourcecode.swift; path = PeriodicTableSceneCoreHapticsManager.swift; sourceTree = "<group>"; };
		C422050A26DDBB0800293DDE /* Inflate.ahap */ = {isa = PBXFileReference; fileEncoding = 4; lastKnownFileType = text; path = Inflate.ahap; sourceTree = "<group>"; };
		C422050B26DDBB0800293DDE /* Drums.ahap */ = {isa = PBXFileReference; fileEncoding = 4; lastKnownFileType = text; path = Drums.ahap; sourceTree = "<group>"; };
		C422050C26DDBB0800293DDE /* Drums.wav */ = {isa = PBXFileReference; lastKnownFileType = audio.wav; path = Drums.wav; sourceTree = "<group>"; };
		C422050D26DDBB0800293DDE /* Boing.ahap */ = {isa = PBXFileReference; fileEncoding = 4; lastKnownFileType = text; path = Boing.ahap; sourceTree = "<group>"; };
		C422050E26DDBB0800293DDE /* Rumble.ahap */ = {isa = PBXFileReference; fileEncoding = 4; lastKnownFileType = text; path = Rumble.ahap; sourceTree = "<group>"; };
		C422050F26DDBB0800293DDE /* Oscillate.ahap */ = {isa = PBXFileReference; fileEncoding = 4; lastKnownFileType = text; path = Oscillate.ahap; sourceTree = "<group>"; };
		C422051026DDBB0800293DDE /* Sparkle.ahap */ = {isa = PBXFileReference; fileEncoding = 4; lastKnownFileType = text; path = Sparkle.ahap; sourceTree = "<group>"; };
		C422051126DDBB0800293DDE /* Gravel.ahap */ = {isa = PBXFileReference; fileEncoding = 4; lastKnownFileType = text; path = Gravel.ahap; sourceTree = "<group>"; };
		C422051226DDBB0800293DDE /* Heartbeats.ahap */ = {isa = PBXFileReference; fileEncoding = 4; lastKnownFileType = text; path = Heartbeats.ahap; sourceTree = "<group>"; };
		C44C607526EFD9F40049F370 /* LaboratorySceneKnob.atlas */ = {isa = PBXFileReference; lastKnownFileType = folder.skatlas; path = LaboratorySceneKnob.atlas; sourceTree = "<group>"; };
		C4626E6B26E7D10D00BFBD12 /* LetterScene.swift */ = {isa = PBXFileReference; lastKnownFileType = sourcecode.swift; path = LetterScene.swift; sourceTree = "<group>"; };
		C4626E6D26E7D12900BFBD12 /* LetterScene.sks */ = {isa = PBXFileReference; lastKnownFileType = file.sks; path = LetterScene.sks; sourceTree = "<group>"; };
		C492D61826EE8A6E00478CB5 /* BasementDoorScene.swift */ = {isa = PBXFileReference; lastKnownFileType = sourcecode.swift; path = BasementDoorScene.swift; sourceTree = "<group>"; };
		C492D61A26EE8A7A00478CB5 /* BasementDoorScene.sks */ = {isa = PBXFileReference; lastKnownFileType = file.sks; path = BasementDoorScene.sks; sourceTree = "<group>"; };
		C492D61C26EE8B7100478CB5 /* BasementDoorScene.atlas */ = {isa = PBXFileReference; lastKnownFileType = folder.skatlas; path = BasementDoorScene.atlas; sourceTree = "<group>"; };
		C492D61E26EE8DF600478CB5 /* BasementDoorSceneHapticsManager.swift */ = {isa = PBXFileReference; lastKnownFileType = sourcecode.swift; path = BasementDoorSceneHapticsManager.swift; sourceTree = "<group>"; };
		C4A0468726D681AC00697E6F /* PeriodicTableScene.sks */ = {isa = PBXFileReference; lastKnownFileType = file.sks; path = PeriodicTableScene.sks; sourceTree = "<group>"; };
		C4A0468926D681C600697E6F /* PeriodicTableScene.swift */ = {isa = PBXFileReference; lastKnownFileType = sourcecode.swift; path = PeriodicTableScene.swift; sourceTree = "<group>"; };
		C4A8AC8B26E1186500CED26E /* MapZoomSceneHapticsManager.swift */ = {isa = PBXFileReference; lastKnownFileType = sourcecode.swift; path = MapZoomSceneHapticsManager.swift; sourceTree = "<group>"; };
		C4A8AC8E26E16D5900CED26E /* TrophyScene.swift */ = {isa = PBXFileReference; lastKnownFileType = sourcecode.swift; path = TrophyScene.swift; sourceTree = "<group>"; };
		C4A8AC9026E16D7800CED26E /* TrophyScene.sks */ = {isa = PBXFileReference; lastKnownFileType = file.sks; path = TrophyScene.sks; sourceTree = "<group>"; };
		C4B12D2926DC58730061F46B /* HapticsManager.swift */ = {isa = PBXFileReference; lastKnownFileType = sourcecode.swift; path = HapticsManager.swift; sourceTree = "<group>"; };
		C4B12D2E26DC61D60061F46B /* CoreHapticsManager.swift */ = {isa = PBXFileReference; lastKnownFileType = sourcecode.swift; path = CoreHapticsManager.swift; sourceTree = "<group>"; };
		C4B4F68326DE52F800BB8E36 /* MapZoomScene.sks */ = {isa = PBXFileReference; lastKnownFileType = file.sks; path = MapZoomScene.sks; sourceTree = "<group>"; };
		C4B4F68526DE530600BB8E36 /* MapZoomScene.swift */ = {isa = PBXFileReference; lastKnownFileType = sourcecode.swift; path = MapZoomScene.swift; sourceTree = "<group>"; };
		C4B5674526EB8921005F865A /* DynamicTextManager.swift */ = {isa = PBXFileReference; lastKnownFileType = sourcecode.swift; path = DynamicTextManager.swift; sourceTree = "<group>"; };
		C4C40BE026EE70F900CAEDE0 /* LaboratoryScene.swift */ = {isa = PBXFileReference; lastKnownFileType = sourcecode.swift; path = LaboratoryScene.swift; sourceTree = "<group>"; };
		C4C40BE226EE710200CAEDE0 /* LaboratoryScene.sks */ = {isa = PBXFileReference; lastKnownFileType = file.sks; path = LaboratoryScene.sks; sourceTree = "<group>"; };
		C4C40BE426EE796D00CAEDE0 /* LaboratorySceneHapticsManager.swift */ = {isa = PBXFileReference; lastKnownFileType = sourcecode.swift; path = LaboratorySceneHapticsManager.swift; sourceTree = "<group>"; };
		C4D80BCD26EF7C1200B870AB /* ChemistryInstituteScene.swift */ = {isa = PBXFileReference; lastKnownFileType = sourcecode.swift; path = ChemistryInstituteScene.swift; sourceTree = "<group>"; };
		C4D80BCF26EF7C1E00B870AB /* ChemistryInstituteScene.sks */ = {isa = PBXFileReference; lastKnownFileType = file.sks; path = ChemistryInstituteScene.sks; sourceTree = "<group>"; };
		C4D80BD326EF927400B870AB /* ChemistryInstituteScene.atlas */ = {isa = PBXFileReference; lastKnownFileType = folder.skatlas; path = ChemistryInstituteScene.atlas; sourceTree = "<group>"; };
		C4F6F08F26EE353700FF382C /* LisePlayingScene.swift */ = {isa = PBXFileReference; lastKnownFileType = sourcecode.swift; path = LisePlayingScene.swift; sourceTree = "<group>"; };
		C4F6F09126EE355000FF382C /* LisePlayingScene.sks */ = {isa = PBXFileReference; lastKnownFileType = file.sks; path = LisePlayingScene.sks; sourceTree = "<group>"; };
		C4F6F09326EE359800FF382C /* LisePlayingScene.atlas */ = {isa = PBXFileReference; lastKnownFileType = folder.skatlas; path = LisePlayingScene.atlas; sourceTree = "<group>"; };
		C4F6F09726EE37B000FF382C /* DadScene.swift */ = {isa = PBXFileReference; lastKnownFileType = sourcecode.swift; path = DadScene.swift; sourceTree = "<group>"; };
		C4F6F09926EE37BD00FF382C /* DadScene.sks */ = {isa = PBXFileReference; lastKnownFileType = file.sks; path = DadScene.sks; sourceTree = "<group>"; };
/* End PBXFileReference section */

/* Begin PBXFrameworksBuildPhase section */
		0C3CCE1526D52C20007A4CEA /* Frameworks */ = {
			isa = PBXFrameworksBuildPhase;
			buildActionMask = 2147483647;
			files = (
			);
			runOnlyForDeploymentPostprocessing = 0;
		};
/* End PBXFrameworksBuildPhase section */

/* Begin PBXGroup section */
		0C106B6B26D67F62004B0CD6 /* Stories */ = {
			isa = PBXGroup;
			children = (
				0C106B6C26D67F75004B0CD6 /* LiseMeitner */,
			);
			path = Stories;
			sourceTree = "<group>";
		};
		0C106B6C26D67F75004B0CD6 /* LiseMeitner */ = {
			isa = PBXGroup;
			children = (
				0C106B6E26D67FBD004B0CD6 /* Scenes */,
			);
			path = LiseMeitner;
			sourceTree = "<group>";
		};
		0C106B6D26D67FAE004B0CD6 /* DegreeScene */ = {
			isa = PBXGroup;
			children = (
				0C106B6F26D68005004B0CD6 /* DegreeScene.sks */,
				0C106B7326D680AC004B0CD6 /* DegreeScene.swift */,
				0C106B7526D7D968004B0CD6 /* SquareProps.swift */,
				0CF1B29F26E100AB002B87F0 /* DegreeSceneCoreHapticsManager.swift */,
			);
			path = DegreeScene;
			sourceTree = "<group>";
		};
		0C106B6E26D67FBD004B0CD6 /* Scenes */ = {
			isa = PBXGroup;
			children = (
				C4D80BCC26EF7C0000B870AB /* ChemistryInstituteScene */,
				C492D61726EE8A6000478CB5 /* BasementDoorScene */,
				C4C40BDF26EE70EA00CAEDE0 /* LaboratoryScene */,
				C4F6F09626EE379D00FF382C /* DadScene */,
				C4F6F08E26EE352500FF382C /* LisePlayingScene */,
				C4626E6A26E7D0FB00BFBD12 /* LetterScene */,
				C4A8AC8D26E16D4500CED26E /* TrophyScene */,
				C4B4F68226DE52D500BB8E36 /* MapZoomScene */,
				0CF1B2A126E10620002B87F0 /* BlackboardScene */,
				0C106B7726DE5147004B0CD6 /* BasementScene */,
				C4A0468626D6817500697E6F /* PeriodicTableScene */,
				0C106B6D26D67FAE004B0CD6 /* DegreeScene */,
			);
			path = Scenes;
			sourceTree = "<group>";
		};
		0C106B7726DE5147004B0CD6 /* BasementScene */ = {
			isa = PBXGroup;
			children = (
				0C106B7826DE515A004B0CD6 /* BasementScene.swift */,
				0C106B7A26DE5169004B0CD6 /* BasementScene.sks */,
				0CF1B29B26DE6EAA002B87F0 /* BlowDetector.swift */,
				0CF1B29D26DFA903002B87F0 /* BasementSceneCoreHapticsManager.swift */,
			);
			path = BasementScene;
			sourceTree = "<group>";
		};
		0C3CCE0F26D52C20007A4CEA = {
			isa = PBXGroup;
			children = (
				0C3CCE1A26D52C20007A4CEA /* TimMaia */,
				0C3CCE1926D52C20007A4CEA /* Products */,
			);
			sourceTree = "<group>";
		};
		0C3CCE1926D52C20007A4CEA /* Products */ = {
			isa = PBXGroup;
			children = (
				0C3CCE1826D52C20007A4CEA /* TimMaia.app */,
			);
			name = Products;
			sourceTree = "<group>";
		};
		0C3CCE1A26D52C20007A4CEA /* TimMaia */ = {
			isa = PBXGroup;
			children = (
				C422050926DDBB0800293DDE /* AHAP */,
				C4B12D2B26DC5AB10061F46B /* Managers */,
				0C106B6B26D67F62004B0CD6 /* Stories */,
				0C3CCE1B26D52C20007A4CEA /* AppDelegate.swift */,
				0C3CCE1D26D52C20007A4CEA /* SceneDelegate.swift */,
				0C3CCE1F26D52C20007A4CEA /* ViewController.swift */,
				0C3CCE2126D52C20007A4CEA /* Main.storyboard */,
				0C3CCE2426D52C22007A4CEA /* Assets.xcassets */,
				0C3CCE2626D52C22007A4CEA /* LaunchScreen.storyboard */,
				0C3CCE2926D52C22007A4CEA /* Info.plist */,
			);
			path = TimMaia;
			sourceTree = "<group>";
		};
		0CF1B2A126E10620002B87F0 /* BlackboardScene */ = {
			isa = PBXGroup;
			children = (
				0CF1B2AA26E110C1002B87F0 /* Utils */,
				0CF1B2A426E10663002B87F0 /* BlackboardScene.swift */,
				0CF1B2A626E10671002B87F0 /* BlackboardScene.sks */,
				0CF1B2A826E106DA002B87F0 /* BlackboardSceneCoreHapticsManager.swift */,
			);
			path = BlackboardScene;
			sourceTree = "<group>";
		};
		0CF1B2AA26E110C1002B87F0 /* Utils */ = {
			isa = PBXGroup;
			children = (
				0CF1B2AB26E110CE002B87F0 /* SKScene+.swift */,
				0CF1B2AD26E110DF002B87F0 /* SKView+.swift */,
			);
			path = Utils;
			sourceTree = "<group>";
		};
		C422050926DDBB0800293DDE /* AHAP */ = {
			isa = PBXGroup;
			children = (
				C422050A26DDBB0800293DDE /* Inflate.ahap */,
				C422050B26DDBB0800293DDE /* Drums.ahap */,
				C422050C26DDBB0800293DDE /* Drums.wav */,
				C422050D26DDBB0800293DDE /* Boing.ahap */,
				C422050E26DDBB0800293DDE /* Rumble.ahap */,
				C422050F26DDBB0800293DDE /* Oscillate.ahap */,
				C422051026DDBB0800293DDE /* Sparkle.ahap */,
				C422051126DDBB0800293DDE /* Gravel.ahap */,
				C422051226DDBB0800293DDE /* Heartbeats.ahap */,
			);
			path = AHAP;
			sourceTree = "<group>";
		};
		C4626E6A26E7D0FB00BFBD12 /* LetterScene */ = {
			isa = PBXGroup;
			children = (
				C41653BD26EABC5B00D5F3D6 /* LetterScene.atlas */,
				C4626E6B26E7D10D00BFBD12 /* LetterScene.swift */,
				C4626E6D26E7D12900BFBD12 /* LetterScene.sks */,
			);
			path = LetterScene;
			sourceTree = "<group>";
		};
		C492D61726EE8A6000478CB5 /* BasementDoorScene */ = {
			isa = PBXGroup;
			children = (
				C492D61C26EE8B7100478CB5 /* BasementDoorScene.atlas */,
				C492D61826EE8A6E00478CB5 /* BasementDoorScene.swift */,
				C492D61A26EE8A7A00478CB5 /* BasementDoorScene.sks */,
				C492D61E26EE8DF600478CB5 /* BasementDoorSceneHapticsManager.swift */,
			);
			path = BasementDoorScene;
			sourceTree = "<group>";
		};
		C4A0468626D6817500697E6F /* PeriodicTableScene */ = {
			isa = PBXGroup;
			children = (
				C4A0468726D681AC00697E6F /* PeriodicTableScene.sks */,
				C4A0468926D681C600697E6F /* PeriodicTableScene.swift */,
				C42204E126DD6C3800293DDE /* PeriodicTableSceneHapticsManager.swift */,
				C42204E326DD9E6400293DDE /* PeriodicTableSceneCoreHapticsManager.swift */,
			);
			path = PeriodicTableScene;
			sourceTree = "<group>";
		};
		C4A8AC8D26E16D4500CED26E /* TrophyScene */ = {
			isa = PBXGroup;
			children = (
				C4A8AC8E26E16D5900CED26E /* TrophyScene.swift */,
				C4A8AC9026E16D7800CED26E /* TrophyScene.sks */,
			);
			path = TrophyScene;
			sourceTree = "<group>";
		};
		C4B12D2B26DC5AB10061F46B /* Managers */ = {
			isa = PBXGroup;
			children = (
				C4B5674526EB8921005F865A /* DynamicTextManager.swift */,
				C4B12D2926DC58730061F46B /* HapticsManager.swift */,
				C4B12D2E26DC61D60061F46B /* CoreHapticsManager.swift */,
			);
			path = Managers;
			sourceTree = "<group>";
		};
		C4B4F68226DE52D500BB8E36 /* MapZoomScene */ = {
			isa = PBXGroup;
			children = (
				C4B4F68326DE52F800BB8E36 /* MapZoomScene.sks */,
				C4B4F68526DE530600BB8E36 /* MapZoomScene.swift */,
				C4A8AC8B26E1186500CED26E /* MapZoomSceneHapticsManager.swift */,
			);
			path = MapZoomScene;
			sourceTree = "<group>";
		};
		C4C40BDF26EE70EA00CAEDE0 /* LaboratoryScene */ = {
			isa = PBXGroup;
			children = (
				C44C607526EFD9F40049F370 /* LaboratorySceneKnob.atlas */,
				C4C40BE026EE70F900CAEDE0 /* LaboratoryScene.swift */,
				C4C40BE226EE710200CAEDE0 /* LaboratoryScene.sks */,
				C4C40BE426EE796D00CAEDE0 /* LaboratorySceneHapticsManager.swift */,
			);
			path = LaboratoryScene;
			sourceTree = "<group>";
		};
		C4D80BCC26EF7C0000B870AB /* ChemistryInstituteScene */ = {
			isa = PBXGroup;
			children = (
				C4D80BD326EF927400B870AB /* ChemistryInstituteScene.atlas */,
				C4D80BCD26EF7C1200B870AB /* ChemistryInstituteScene.swift */,
				C4D80BCF26EF7C1E00B870AB /* ChemistryInstituteScene.sks */,
			);
			path = ChemistryInstituteScene;
			sourceTree = "<group>";
		};
		C4F6F08E26EE352500FF382C /* LisePlayingScene */ = {
			isa = PBXGroup;
			children = (
				C4F6F09326EE359800FF382C /* LisePlayingScene.atlas */,
				C4F6F08F26EE353700FF382C /* LisePlayingScene.swift */,
				C4F6F09126EE355000FF382C /* LisePlayingScene.sks */,
			);
			path = LisePlayingScene;
			sourceTree = "<group>";
		};
		C4F6F09626EE379D00FF382C /* DadScene */ = {
			isa = PBXGroup;
			children = (
				C4F6F09726EE37B000FF382C /* DadScene.swift */,
				C4F6F09926EE37BD00FF382C /* DadScene.sks */,
			);
			path = DadScene;
			sourceTree = "<group>";
		};
/* End PBXGroup section */

/* Begin PBXNativeTarget section */
		0C3CCE1726D52C20007A4CEA /* TimMaia */ = {
			isa = PBXNativeTarget;
			buildConfigurationList = 0C3CCE2C26D52C22007A4CEA /* Build configuration list for PBXNativeTarget "TimMaia" */;
			buildPhases = (
				0C3CCE1426D52C20007A4CEA /* Sources */,
				0C3CCE1526D52C20007A4CEA /* Frameworks */,
				0C3CCE1626D52C20007A4CEA /* Resources */,
			);
			buildRules = (
			);
			dependencies = (
			);
			name = TimMaia;
			productName = TimMaia;
			productReference = 0C3CCE1826D52C20007A4CEA /* TimMaia.app */;
			productType = "com.apple.product-type.application";
		};
/* End PBXNativeTarget section */

/* Begin PBXProject section */
		0C3CCE1026D52C20007A4CEA /* Project object */ = {
			isa = PBXProject;
			attributes = {
				LastSwiftUpdateCheck = 1250;
				LastUpgradeCheck = 1250;
				TargetAttributes = {
					0C3CCE1726D52C20007A4CEA = {
						CreatedOnToolsVersion = 12.5;
					};
				};
			};
			buildConfigurationList = 0C3CCE1326D52C20007A4CEA /* Build configuration list for PBXProject "TimMaia" */;
			compatibilityVersion = "Xcode 9.3";
			developmentRegion = en;
			hasScannedForEncodings = 0;
			knownRegions = (
				en,
				Base,
			);
			mainGroup = 0C3CCE0F26D52C20007A4CEA;
			productRefGroup = 0C3CCE1926D52C20007A4CEA /* Products */;
			projectDirPath = "";
			projectRoot = "";
			targets = (
				0C3CCE1726D52C20007A4CEA /* TimMaia */,
			);
		};
/* End PBXProject section */

/* Begin PBXResourcesBuildPhase section */
		0C3CCE1626D52C20007A4CEA /* Resources */ = {
			isa = PBXResourcesBuildPhase;
			buildActionMask = 2147483647;
			files = (
				C4F6F09426EE359800FF382C /* LisePlayingScene.atlas in Resources */,
				C4F6F09226EE355000FF382C /* LisePlayingScene.sks in Resources */,
				C422051526DDBB0800293DDE /* Drums.wav in Resources */,
				C422051626DDBB0800293DDE /* Boing.ahap in Resources */,
				C4A8AC9126E16D7800CED26E /* TrophyScene.sks in Resources */,
				C44C607626EFD9F40049F370 /* LaboratorySceneKnob.atlas in Resources */,
				C4626E6E26E7D12900BFBD12 /* LetterScene.sks in Resources */,
				C4D80BD026EF7C1E00B870AB /* ChemistryInstituteScene.sks in Resources */,
				C422051A26DDBB0800293DDE /* Gravel.ahap in Resources */,
				C4C40BE326EE710200CAEDE0 /* LaboratoryScene.sks in Resources */,
				C422051926DDBB0800293DDE /* Sparkle.ahap in Resources */,
				C422051B26DDBB0800293DDE /* Heartbeats.ahap in Resources */,
				0CF1B2A726E10671002B87F0 /* BlackboardScene.sks in Resources */,
				C492D61D26EE8B7100478CB5 /* BasementDoorScene.atlas in Resources */,
				C422051426DDBB0800293DDE /* Drums.ahap in Resources */,
				0C106B7026D68005004B0CD6 /* DegreeScene.sks in Resources */,
				0C3CCE2826D52C22007A4CEA /* LaunchScreen.storyboard in Resources */,
				0C3CCE2526D52C22007A4CEA /* Assets.xcassets in Resources */,
				C4F6F09A26EE37BD00FF382C /* DadScene.sks in Resources */,
				C422051326DDBB0800293DDE /* Inflate.ahap in Resources */,
				C4D80BD426EF927400B870AB /* ChemistryInstituteScene.atlas in Resources */,
				0C3CCE2326D52C20007A4CEA /* Main.storyboard in Resources */,
				C422051726DDBB0800293DDE /* Rumble.ahap in Resources */,
				0C106B7B26DE5169004B0CD6 /* BasementScene.sks in Resources */,
				C4A0468826D681AC00697E6F /* PeriodicTableScene.sks in Resources */,
				C492D61B26EE8A7A00478CB5 /* BasementDoorScene.sks in Resources */,
				C422051826DDBB0800293DDE /* Oscillate.ahap in Resources */,
				C41653BE26EABC5B00D5F3D6 /* LetterScene.atlas in Resources */,
				C4B4F68426DE52F800BB8E36 /* MapZoomScene.sks in Resources */,
			);
			runOnlyForDeploymentPostprocessing = 0;
		};
/* End PBXResourcesBuildPhase section */

/* Begin PBXSourcesBuildPhase section */
		0C3CCE1426D52C20007A4CEA /* Sources */ = {
			isa = PBXSourcesBuildPhase;
			buildActionMask = 2147483647;
			files = (
				0C106B7626D7D969004B0CD6 /* SquareProps.swift in Sources */,
				C4B4F68626DE530600BB8E36 /* MapZoomScene.swift in Sources */,
				C4626E6C26E7D10D00BFBD12 /* LetterScene.swift in Sources */,
				C4B12D2A26DC58730061F46B /* HapticsManager.swift in Sources */,
				0CF1B29E26DFA903002B87F0 /* BasementSceneCoreHapticsManager.swift in Sources */,
				C42204E426DD9E6400293DDE /* PeriodicTableSceneCoreHapticsManager.swift in Sources */,
				0C3CCE2026D52C20007A4CEA /* ViewController.swift in Sources */,
				0CF1B2A926E106DA002B87F0 /* BlackboardSceneCoreHapticsManager.swift in Sources */,
				C4F6F09026EE353700FF382C /* LisePlayingScene.swift in Sources */,
				C4C40BE126EE70F900CAEDE0 /* LaboratoryScene.swift in Sources */,
				0CF1B29C26DE6EAA002B87F0 /* BlowDetector.swift in Sources */,
				C4C40BE526EE796D00CAEDE0 /* LaboratorySceneHapticsManager.swift in Sources */,
				0CF1B2A526E10663002B87F0 /* BlackboardScene.swift in Sources */,
				C4D80BCE26EF7C1200B870AB /* ChemistryInstituteScene.swift in Sources */,
				0C3CCE1C26D52C20007A4CEA /* AppDelegate.swift in Sources */,
				0CF1B2AC26E110CE002B87F0 /* SKScene+.swift in Sources */,
				C4B5674626EB8921005F865A /* DynamicTextManager.swift in Sources */,
				0C106B7426D680AC004B0CD6 /* DegreeScene.swift in Sources */,
				C4F6F09826EE37B000FF382C /* DadScene.swift in Sources */,
				0C106B7926DE515A004B0CD6 /* BasementScene.swift in Sources */,
				C492D61926EE8A6E00478CB5 /* BasementDoorScene.swift in Sources */,
				0C3CCE1E26D52C20007A4CEA /* SceneDelegate.swift in Sources */,
				0CF1B2A026E100AB002B87F0 /* DegreeSceneCoreHapticsManager.swift in Sources */,
				C4A8AC8F26E16D5900CED26E /* TrophyScene.swift in Sources */,
				C492D61F26EE8DF600478CB5 /* BasementDoorSceneHapticsManager.swift in Sources */,
				C42204E226DD6C3800293DDE /* PeriodicTableSceneHapticsManager.swift in Sources */,
				C4B12D2F26DC61D60061F46B /* CoreHapticsManager.swift in Sources */,
				C4A8AC8C26E1186500CED26E /* MapZoomSceneHapticsManager.swift in Sources */,
				0CF1B2AE26E110DF002B87F0 /* SKView+.swift in Sources */,
				C4A0468A26D681C600697E6F /* PeriodicTableScene.swift in Sources */,
			);
			runOnlyForDeploymentPostprocessing = 0;
		};
/* End PBXSourcesBuildPhase section */

/* Begin PBXVariantGroup section */
		0C3CCE2126D52C20007A4CEA /* Main.storyboard */ = {
			isa = PBXVariantGroup;
			children = (
				0C3CCE2226D52C20007A4CEA /* Base */,
			);
			name = Main.storyboard;
			sourceTree = "<group>";
		};
		0C3CCE2626D52C22007A4CEA /* LaunchScreen.storyboard */ = {
			isa = PBXVariantGroup;
			children = (
				0C3CCE2726D52C22007A4CEA /* Base */,
			);
			name = LaunchScreen.storyboard;
			sourceTree = "<group>";
		};
/* End PBXVariantGroup section */

/* Begin XCBuildConfiguration section */
		0C3CCE2A26D52C22007A4CEA /* Debug */ = {
			isa = XCBuildConfiguration;
			buildSettings = {
				ALWAYS_SEARCH_USER_PATHS = NO;
				CLANG_ANALYZER_NONNULL = YES;
				CLANG_ANALYZER_NUMBER_OBJECT_CONVERSION = YES_AGGRESSIVE;
				CLANG_CXX_LANGUAGE_STANDARD = "gnu++14";
				CLANG_CXX_LIBRARY = "libc++";
				CLANG_ENABLE_MODULES = YES;
				CLANG_ENABLE_OBJC_ARC = YES;
				CLANG_ENABLE_OBJC_WEAK = YES;
				CLANG_WARN_BLOCK_CAPTURE_AUTORELEASING = YES;
				CLANG_WARN_BOOL_CONVERSION = YES;
				CLANG_WARN_COMMA = YES;
				CLANG_WARN_CONSTANT_CONVERSION = YES;
				CLANG_WARN_DEPRECATED_OBJC_IMPLEMENTATIONS = YES;
				CLANG_WARN_DIRECT_OBJC_ISA_USAGE = YES_ERROR;
				CLANG_WARN_DOCUMENTATION_COMMENTS = YES;
				CLANG_WARN_EMPTY_BODY = YES;
				CLANG_WARN_ENUM_CONVERSION = YES;
				CLANG_WARN_INFINITE_RECURSION = YES;
				CLANG_WARN_INT_CONVERSION = YES;
				CLANG_WARN_NON_LITERAL_NULL_CONVERSION = YES;
				CLANG_WARN_OBJC_IMPLICIT_RETAIN_SELF = YES;
				CLANG_WARN_OBJC_LITERAL_CONVERSION = YES;
				CLANG_WARN_OBJC_ROOT_CLASS = YES_ERROR;
				CLANG_WARN_QUOTED_INCLUDE_IN_FRAMEWORK_HEADER = YES;
				CLANG_WARN_RANGE_LOOP_ANALYSIS = YES;
				CLANG_WARN_STRICT_PROTOTYPES = YES;
				CLANG_WARN_SUSPICIOUS_MOVE = YES;
				CLANG_WARN_UNGUARDED_AVAILABILITY = YES_AGGRESSIVE;
				CLANG_WARN_UNREACHABLE_CODE = YES;
				CLANG_WARN__DUPLICATE_METHOD_MATCH = YES;
				COPY_PHASE_STRIP = NO;
				DEBUG_INFORMATION_FORMAT = dwarf;
				ENABLE_STRICT_OBJC_MSGSEND = YES;
				ENABLE_TESTABILITY = YES;
				GCC_C_LANGUAGE_STANDARD = gnu11;
				GCC_DYNAMIC_NO_PIC = NO;
				GCC_NO_COMMON_BLOCKS = YES;
				GCC_OPTIMIZATION_LEVEL = 0;
				GCC_PREPROCESSOR_DEFINITIONS = (
					"DEBUG=1",
					"$(inherited)",
				);
				GCC_WARN_64_TO_32_BIT_CONVERSION = YES;
				GCC_WARN_ABOUT_RETURN_TYPE = YES_ERROR;
				GCC_WARN_UNDECLARED_SELECTOR = YES;
				GCC_WARN_UNINITIALIZED_AUTOS = YES_AGGRESSIVE;
				GCC_WARN_UNUSED_FUNCTION = YES;
				GCC_WARN_UNUSED_VARIABLE = YES;
				IPHONEOS_DEPLOYMENT_TARGET = 14.5;
				MTL_ENABLE_DEBUG_INFO = INCLUDE_SOURCE;
				MTL_FAST_MATH = YES;
				ONLY_ACTIVE_ARCH = YES;
				SDKROOT = iphoneos;
				SWIFT_ACTIVE_COMPILATION_CONDITIONS = DEBUG;
				SWIFT_OPTIMIZATION_LEVEL = "-Onone";
				"Texture Atlas Maximum Size" = 4096x4096;
			};
			name = Debug;
		};
		0C3CCE2B26D52C22007A4CEA /* Release */ = {
			isa = XCBuildConfiguration;
			buildSettings = {
				ALWAYS_SEARCH_USER_PATHS = NO;
				CLANG_ANALYZER_NONNULL = YES;
				CLANG_ANALYZER_NUMBER_OBJECT_CONVERSION = YES_AGGRESSIVE;
				CLANG_CXX_LANGUAGE_STANDARD = "gnu++14";
				CLANG_CXX_LIBRARY = "libc++";
				CLANG_ENABLE_MODULES = YES;
				CLANG_ENABLE_OBJC_ARC = YES;
				CLANG_ENABLE_OBJC_WEAK = YES;
				CLANG_WARN_BLOCK_CAPTURE_AUTORELEASING = YES;
				CLANG_WARN_BOOL_CONVERSION = YES;
				CLANG_WARN_COMMA = YES;
				CLANG_WARN_CONSTANT_CONVERSION = YES;
				CLANG_WARN_DEPRECATED_OBJC_IMPLEMENTATIONS = YES;
				CLANG_WARN_DIRECT_OBJC_ISA_USAGE = YES_ERROR;
				CLANG_WARN_DOCUMENTATION_COMMENTS = YES;
				CLANG_WARN_EMPTY_BODY = YES;
				CLANG_WARN_ENUM_CONVERSION = YES;
				CLANG_WARN_INFINITE_RECURSION = YES;
				CLANG_WARN_INT_CONVERSION = YES;
				CLANG_WARN_NON_LITERAL_NULL_CONVERSION = YES;
				CLANG_WARN_OBJC_IMPLICIT_RETAIN_SELF = YES;
				CLANG_WARN_OBJC_LITERAL_CONVERSION = YES;
				CLANG_WARN_OBJC_ROOT_CLASS = YES_ERROR;
				CLANG_WARN_QUOTED_INCLUDE_IN_FRAMEWORK_HEADER = YES;
				CLANG_WARN_RANGE_LOOP_ANALYSIS = YES;
				CLANG_WARN_STRICT_PROTOTYPES = YES;
				CLANG_WARN_SUSPICIOUS_MOVE = YES;
				CLANG_WARN_UNGUARDED_AVAILABILITY = YES_AGGRESSIVE;
				CLANG_WARN_UNREACHABLE_CODE = YES;
				CLANG_WARN__DUPLICATE_METHOD_MATCH = YES;
				COPY_PHASE_STRIP = NO;
				DEBUG_INFORMATION_FORMAT = "dwarf-with-dsym";
				ENABLE_NS_ASSERTIONS = NO;
				ENABLE_STRICT_OBJC_MSGSEND = YES;
				GCC_C_LANGUAGE_STANDARD = gnu11;
				GCC_NO_COMMON_BLOCKS = YES;
				GCC_WARN_64_TO_32_BIT_CONVERSION = YES;
				GCC_WARN_ABOUT_RETURN_TYPE = YES_ERROR;
				GCC_WARN_UNDECLARED_SELECTOR = YES;
				GCC_WARN_UNINITIALIZED_AUTOS = YES_AGGRESSIVE;
				GCC_WARN_UNUSED_FUNCTION = YES;
				GCC_WARN_UNUSED_VARIABLE = YES;
				IPHONEOS_DEPLOYMENT_TARGET = 14.5;
				MTL_ENABLE_DEBUG_INFO = NO;
				MTL_FAST_MATH = YES;
				SDKROOT = iphoneos;
				SWIFT_COMPILATION_MODE = wholemodule;
				SWIFT_OPTIMIZATION_LEVEL = "-O";
				"Texture Atlas Maximum Size" = 4096x4096;
				VALIDATE_PRODUCT = YES;
			};
			name = Release;
		};
		0C3CCE2D26D52C22007A4CEA /* Debug */ = {
			isa = XCBuildConfiguration;
			buildSettings = {
				ASSETCATALOG_COMPILER_APPICON_NAME = AppIcon;
				ASSETCATALOG_COMPILER_GLOBAL_ACCENT_COLOR_NAME = AccentColor;
				CODE_SIGN_STYLE = Automatic;
				DEVELOPMENT_TEAM = HQJF9G685U;
				INFOPLIST_FILE = TimMaia/Info.plist;
				LD_RUNPATH_SEARCH_PATHS = (
					"$(inherited)",
					"@executable_path/Frameworks",
				);
				PRODUCT_BUNDLE_IDENTIFIER = dev.kuma.TimMaia;
				PRODUCT_NAME = "$(TARGET_NAME)";
				SWIFT_VERSION = 5.0;
				TARGETED_DEVICE_FAMILY = "1,2";
			};
			name = Debug;
		};
		0C3CCE2E26D52C22007A4CEA /* Release */ = {
			isa = XCBuildConfiguration;
			buildSettings = {
				ASSETCATALOG_COMPILER_APPICON_NAME = AppIcon;
				ASSETCATALOG_COMPILER_GLOBAL_ACCENT_COLOR_NAME = AccentColor;
				CODE_SIGN_STYLE = Automatic;
				DEVELOPMENT_TEAM = HQJF9G685U;
				INFOPLIST_FILE = TimMaia/Info.plist;
				LD_RUNPATH_SEARCH_PATHS = (
					"$(inherited)",
					"@executable_path/Frameworks",
				);
				PRODUCT_BUNDLE_IDENTIFIER = dev.kuma.TimMaia;
				PRODUCT_NAME = "$(TARGET_NAME)";
				SWIFT_VERSION = 5.0;
				TARGETED_DEVICE_FAMILY = "1,2";
			};
			name = Release;
		};
/* End XCBuildConfiguration section */

/* Begin XCConfigurationList section */
		0C3CCE1326D52C20007A4CEA /* Build configuration list for PBXProject "TimMaia" */ = {
			isa = XCConfigurationList;
			buildConfigurations = (
				0C3CCE2A26D52C22007A4CEA /* Debug */,
				0C3CCE2B26D52C22007A4CEA /* Release */,
			);
			defaultConfigurationIsVisible = 0;
			defaultConfigurationName = Release;
		};
		0C3CCE2C26D52C22007A4CEA /* Build configuration list for PBXNativeTarget "TimMaia" */ = {
			isa = XCConfigurationList;
			buildConfigurations = (
				0C3CCE2D26D52C22007A4CEA /* Debug */,
				0C3CCE2E26D52C22007A4CEA /* Release */,
			);
			defaultConfigurationIsVisible = 0;
			defaultConfigurationName = Release;
		};
/* End XCConfigurationList section */
	};
	rootObject = 0C3CCE1026D52C20007A4CEA /* Project object */;
}
